
Microsoft Visual Studio Solution File, Format Version 12.00
# Visual Studio Version 16
VisualStudioVersion = 16.0.30114.105
MinimumVisualStudioVersion = 10.0.40219.1
Project("{FAE04EC0-301F-11D3-BF4B-00C04F79EFBC}") = "GUI", "GUI\GUI.csproj", "{1D8C227C-EE26-4577-AE1C-135E160053CE}"
EndProject
Project("{FAE04EC0-301F-11D3-BF4B-00C04F79EFBC}") = "DTO", "DTO\DTO.csproj", "{A5057A8D-5009-4339-8C7B-A6664F958547}"
EndProject
Project("{FAE04EC0-301F-11D3-BF4B-00C04F79EFBC}") = "DAL", "DAL\DAL.csproj", "{C58BBD9B-A5B7-4A69-8BB6-2CE403B83F94}"
EndProject
Project("{FAE04EC0-301F-11D3-BF4B-00C04F79EFBC}") = "BUS", "BUS\BUS.csproj", "{BDE4B711-2544-46E0-9E8C-0917F7AA70FE}"
EndProject
Global
	GlobalSection(SolutionConfigurationPlatforms) = preSolution
		Debug|Any CPU = Debug|Any CPU
		Release|Any CPU = Release|Any CPU
	EndGlobalSection
	GlobalSection(ProjectConfigurationPlatforms) = postSolution
		{1D8C227C-EE26-4577-AE1C-135E160053CE}.Debug|Any CPU.ActiveCfg = Debug|Any CPU
		{1D8C227C-EE26-4577-AE1C-135E160053CE}.Debug|Any CPU.Build.0 = Debug|Any CPU
		{1D8C227C-EE26-4577-AE1C-135E160053CE}.Release|Any CPU.ActiveCfg = Release|Any CPU
		{1D8C227C-EE26-4577-AE1C-135E160053CE}.Release|Any CPU.Build.0 = Release|Any CPU
		{A5057A8D-5009-4339-8C7B-A6664F958547}.Debug|Any CPU.ActiveCfg = Debug|Any CPU
		{A5057A8D-5009-4339-8C7B-A6664F958547}.Debug|Any CPU.Build.0 = Debug|Any CPU
		{A5057A8D-5009-4339-8C7B-A6664F958547}.Release|Any CPU.ActiveCfg = Release|Any CPU
		{A5057A8D-5009-4339-8C7B-A6664F958547}.Release|Any CPU.Build.0 = Release|Any CPU
		{C58BBD9B-A5B7-4A69-8BB6-2CE403B83F94}.Debug|Any CPU.ActiveCfg = Debug|Any CPU
		{C58BBD9B-A5B7-4A69-8BB6-2CE403B83F94}.Debug|Any CPU.Build.0 = Debug|Any CPU
		{C58BBD9B-A5B7-4A69-8BB6-2CE403B83F94}.Release|Any CPU.ActiveCfg = Release|Any CPU
		{C58BBD9B-A5B7-4A69-8BB6-2CE403B83F94}.Release|Any CPU.Build.0 = Release|Any CPU
		{BDE4B711-2544-46E0-9E8C-0917F7AA70FE}.Debug|Any CPU.ActiveCfg = Debug|Any CPU
		{BDE4B711-2544-46E0-9E8C-0917F7AA70FE}.Debug|Any CPU.Build.0 = Debug|Any CPU
		{BDE4B711-2544-46E0-9E8C-0917F7AA70FE}.Release|Any CPU.ActiveCfg = Release|Any CPU
		{BDE4B711-2544-46E0-9E8C-0917F7AA70FE}.Release|Any CPU.Build.0 = Release|Any CPU
	EndGlobalSection
	GlobalSection(SolutionProperties) = preSolution
		HideSolutionNode = FALSE
	EndGlobalSection
	GlobalSection(ExtensibilityGlobals) = postSolution
		SolutionGuid = {E074CF2E-29CF-4DF0-826B-705F2F9845D1}
	EndGlobalSection
EndGlobal
